
Microsoft Visual Studio Solution File, Format Version 12.00
# Visual Studio Version 17
VisualStudioVersion = 17.7.34024.191
MinimumVisualStudioVersion = 10.0.40219.1
Project("{FAE04EC0-301F-11D3-BF4B-00C04F79EFBC}") = "RaptorsCoreRazor", "RaptorsCoreRazor.csproj", "{BD77997B-4AF5-4221-A39F-9A901C1CDAF3}"
EndProject
Global
	GlobalSection(SolutionConfigurationPlatforms) = preSolution
		Debug|Any CPU = Debug|Any CPU
		Release|Any CPU = Release|Any CPU
	EndGlobalSection
	GlobalSection(ProjectConfigurationPlatforms) = postSolution
		{BD77997B-4AF5-4221-A39F-9A901C1CDAF3}.Debug|Any CPU.ActiveCfg = Debug|Any CPU
		{BD77997B-4AF5-4221-A39F-9A901C1CDAF3}.Debug|Any CPU.Build.0 = Debug|Any CPU
		{BD77997B-4AF5-4221-A39F-9A901C1CDAF3}.Release|Any CPU.ActiveCfg = Release|Any CPU
		{BD77997B-4AF5-4221-A39F-9A901C1CDAF3}.Release|Any CPU.Build.0 = Release|Any CPU
	EndGlobalSection
	GlobalSection(SolutionProperties) = preSolution
		HideSolutionNode = FALSE
	EndGlobalSection
	GlobalSection(ExtensibilityGlobals) = postSolution
		SolutionGuid = {F9ECEF2B-6FC9-43E3-89C7-79047D0782EE}
	EndGlobalSection
EndGlobal
